
Microsoft Visual Studio Solution File, Format Version 12.00
# Visual Studio Version 17
VisualStudioVersion = 17.3.32929.385
MinimumVisualStudioVersion = 10.0.40219.1
Project("{FAE04EC0-301F-11D3-BF4B-00C04F79EFBC}") = "GDI", "GDI\GDI.csproj", "{1AC9E3F8-E3E4-49D9-8198-A00308D23DAE}"
EndProject
Project("{9A19103F-16F7-4668-BE54-9A1E7A4F7556}") = "LogicalExpressionInterpreter", "LogicalExpressionInterpreter\LogicalExpressionInterpreter.csproj", "{598785E9-86E9-4706-A56C-2AED8AEA8C1A}"
EndProject
Global
	GlobalSection(SolutionConfigurationPlatforms) = preSolution
		Debug|Any CPU = Debug|Any CPU
		Release|Any CPU = Release|Any CPU
	EndGlobalSection
	GlobalSection(ProjectConfigurationPlatforms) = postSolution
		{598785E9-86E9-4706-A56C-2AED8AEA8C1A}.Debug|Any CPU.ActiveCfg = Debug|Any CPU
		{598785E9-86E9-4706-A56C-2AED8AEA8C1A}.Debug|Any CPU.Build.0 = Debug|Any CPU
		{598785E9-86E9-4706-A56C-2AED8AEA8C1A}.Release|Any CPU.ActiveCfg = Release|Any CPU
		{598785E9-86E9-4706-A56C-2AED8AEA8C1A}.Release|Any CPU.Build.0 = Release|Any CPU
		{1AC9E3F8-E3E4-49D9-8198-A00308D23DAE}.Debug|Any CPU.ActiveCfg = Debug|Any CPU
		{1AC9E3F8-E3E4-49D9-8198-A00308D23DAE}.Debug|Any CPU.Build.0 = Debug|Any CPU
		{1AC9E3F8-E3E4-49D9-8198-A00308D23DAE}.Release|Any CPU.ActiveCfg = Release|Any CPU
		{1AC9E3F8-E3E4-49D9-8198-A00308D23DAE}.Release|Any CPU.Build.0 = Release|Any CPU
	EndGlobalSection
	GlobalSection(SolutionProperties) = preSolution
		HideSolutionNode = FALSE
	EndGlobalSection
	GlobalSection(ExtensibilityGlobals) = postSolution
		SolutionGuid = {BBA66E4C-BA60-4FE4-A438-EE860EB3AE7D}
	EndGlobalSection
EndGlobal
